
Microsoft Visual Studio Solution File, Format Version 12.00
# Visual Studio Version 16
VisualStudioVersion = 25.0.1706.1
MinimumVisualStudioVersion = 10.0.40219.1
Project("{FAE04EC0-301F-11D3-BF4B-00C04F79EFBC}") = "composition2", "composition2\composition2.csproj", "{9E98837F-1D98-4E1A-9134-70FA1E68929E}"
EndProject
Global
	GlobalSection(SolutionConfigurationPlatforms) = preSolution
		Debug|Any CPU = Debug|Any CPU
		Release|Any CPU = Release|Any CPU
	EndGlobalSection
	GlobalSection(ProjectConfigurationPlatforms) = postSolution
		{9E98837F-1D98-4E1A-9134-70FA1E68929E}.Debug|Any CPU.ActiveCfg = Debug|Any CPU
		{9E98837F-1D98-4E1A-9134-70FA1E68929E}.Debug|Any CPU.Build.0 = Debug|Any CPU
		{9E98837F-1D98-4E1A-9134-70FA1E68929E}.Release|Any CPU.ActiveCfg = Release|Any CPU
		{9E98837F-1D98-4E1A-9134-70FA1E68929E}.Release|Any CPU.Build.0 = Release|Any CPU
	EndGlobalSection
	GlobalSection(SolutionProperties) = preSolution
		HideSolutionNode = FALSE
	EndGlobalSection
	GlobalSection(ExtensibilityGlobals) = postSolution
		SolutionGuid = {48C2942C-B296-4C8E-BD41-37AF4A22DF0A}
	EndGlobalSection
EndGlobal
